// !$*UTF8*$!
{
	archiveVersion = 1;
	classes = {
	};
	objectVersion = 56;
	objects = {

/* Begin PBXBuildFile section */
		3F16334A2B70D43500603161 /* DailyWeatherCollectionViewCell.swift in Sources */ = {isa = PBXBuildFile; fileRef = 3F1633492B70D43500603161 /* DailyWeatherCollectionViewCell.swift */; };
		7F64B0372B73975100309C5E /* SearchControllerVC.swift in Sources */ = {isa = PBXBuildFile; fileRef = 7F64B0362B73975100309C5E /* SearchControllerVC.swift */; };
		F8205F302B7C57CD00BA039D /* CollectionViewCell.swift in Sources */ = {isa = PBXBuildFile; fileRef = F8205F2F2B7C57CD00BA039D /* CollectionViewCell.swift */; };
		F8235D032B7B2D7100E49073 /* CurrentCoordinateModel.swift in Sources */ = {isa = PBXBuildFile; fileRef = F8235D022B7B2D7100E49073 /* CurrentCoordinateModel.swift */; };
		F8235D082B7B542B00E49073 /* UIImageView+Extension.swift in Sources */ = {isa = PBXBuildFile; fileRef = F8235D072B7B542B00E49073 /* UIImageView+Extension.swift */; };
		F85006292B73ABE3007AB351 /* CoreDataManager.swift in Sources */ = {isa = PBXBuildFile; fileRef = F85006282B73ABE3007AB351 /* CoreDataManager.swift */; };
		F850062B2B73ACAE007AB351 /* WeeklyForecastModel.swift in Sources */ = {isa = PBXBuildFile; fileRef = F850062A2B73ACAE007AB351 /* WeeklyForecastModel.swift */; };
		F850062D2B73ACCC007AB351 /* WeeklyForecastTableViewCell.swift in Sources */ = {isa = PBXBuildFile; fileRef = F850062C2B73ACCC007AB351 /* WeeklyForecastTableViewCell.swift */; };
		F87859D02B71DF6100D8E0B0 /* ForecastAPiModel.swift in Sources */ = {isa = PBXBuildFile; fileRef = F87859CF2B71DF6100D8E0B0 /* ForecastAPiModel.swift */; };
		F87859D22B72064A00D8E0B0 /* WeeklyDataModel.swift in Sources */ = {isa = PBXBuildFile; fileRef = F87859D12B72064A00D8E0B0 /* WeeklyDataModel.swift */; };
		F87859D42B723C9C00D8E0B0 /* WeeklyForecastAPIManger.swift in Sources */ = {isa = PBXBuildFile; fileRef = F87859D32B723C9C00D8E0B0 /* WeeklyForecastAPIManger.swift */; };
		F87859D62B724C2600D8E0B0 /* APIURL.swift in Sources */ = {isa = PBXBuildFile; fileRef = F87859D52B724C2600D8E0B0 /* APIURL.swift */; };
		F88C53482B70C8B0000624A2 /* AppDelegate.swift in Sources */ = {isa = PBXBuildFile; fileRef = F88C53472B70C8B0000624A2 /* AppDelegate.swift */; };
		F88C534A2B70C8B0000624A2 /* SceneDelegate.swift in Sources */ = {isa = PBXBuildFile; fileRef = F88C53492B70C8B0000624A2 /* SceneDelegate.swift */; };
		F88C534C2B70C8B0000624A2 /* TabBarController.swift in Sources */ = {isa = PBXBuildFile; fileRef = F88C534B2B70C8B0000624A2 /* TabBarController.swift */; };
		F88C53522B70C8B0000624A2 /* ThefirstForecast.xcdatamodeld in Sources */ = {isa = PBXBuildFile; fileRef = F88C53502B70C8B0000624A2 /* ThefirstForecast.xcdatamodeld */; };
		F88C53542B70C8B1000624A2 /* Assets.xcassets in Resources */ = {isa = PBXBuildFile; fileRef = F88C53532B70C8B1000624A2 /* Assets.xcassets */; };
		F88C53572B70C8B1000624A2 /* LaunchScreen.storyboard in Resources */ = {isa = PBXBuildFile; fileRef = F88C53552B70C8B1000624A2 /* LaunchScreen.storyboard */; };
		F88C535F2B70C9CB000624A2 /* MainVC.swift in Sources */ = {isa = PBXBuildFile; fileRef = F88C535E2B70C9CB000624A2 /* MainVC.swift */; };
		F88C53612B70C9E4000624A2 /* WeeklyForecastVC.swift in Sources */ = {isa = PBXBuildFile; fileRef = F88C53602B70C9E4000624A2 /* WeeklyForecastVC.swift */; };
		F88C53632B70C9FF000624A2 /* ForecastInfoVC.swift in Sources */ = {isa = PBXBuildFile; fileRef = F88C53622B70C9FF000624A2 /* ForecastInfoVC.swift */; };
		F88C536C2B70D006000624A2 /* ForecastAPIManger.swift in Sources */ = {isa = PBXBuildFile; fileRef = F88C536B2B70D006000624A2 /* ForecastAPIManger.swift */; };
		F8A975172B7C4B0E00EC7505 /* APIKey.xcconfig in Resources */ = {isa = PBXBuildFile; fileRef = F8A975162B7C4B0E00EC7505 /* APIKey.xcconfig */; };
/* End PBXBuildFile section */

/* Begin PBXFileReference section */
		3F1633492B70D43500603161 /* DailyWeatherCollectionViewCell.swift */ = {isa = PBXFileReference; lastKnownFileType = sourcecode.swift; path = DailyWeatherCollectionViewCell.swift; sourceTree = "<group>"; };
		7F64B0362B73975100309C5E /* SearchControllerVC.swift */ = {isa = PBXFileReference; lastKnownFileType = sourcecode.swift; path = SearchControllerVC.swift; sourceTree = "<group>"; };
		F8205F2F2B7C57CD00BA039D /* CollectionViewCell.swift */ = {isa = PBXFileReference; lastKnownFileType = sourcecode.swift; path = CollectionViewCell.swift; sourceTree = "<group>"; };
		F8235D022B7B2D7100E49073 /* CurrentCoordinateModel.swift */ = {isa = PBXFileReference; lastKnownFileType = sourcecode.swift; path = CurrentCoordinateModel.swift; sourceTree = "<group>"; };
		F8235D072B7B542B00E49073 /* UIImageView+Extension.swift */ = {isa = PBXFileReference; lastKnownFileType = sourcecode.swift; path = "UIImageView+Extension.swift"; sourceTree = "<group>"; };
		F85006282B73ABE3007AB351 /* CoreDataManager.swift */ = {isa = PBXFileReference; lastKnownFileType = sourcecode.swift; path = CoreDataManager.swift; sourceTree = "<group>"; };
		F850062A2B73ACAE007AB351 /* WeeklyForecastModel.swift */ = {isa = PBXFileReference; lastKnownFileType = sourcecode.swift; path = WeeklyForecastModel.swift; sourceTree = "<group>"; };
		F850062C2B73ACCC007AB351 /* WeeklyForecastTableViewCell.swift */ = {isa = PBXFileReference; lastKnownFileType = sourcecode.swift; path = WeeklyForecastTableViewCell.swift; sourceTree = "<group>"; };
		F87859CF2B71DF6100D8E0B0 /* ForecastAPiModel.swift */ = {isa = PBXFileReference; lastKnownFileType = sourcecode.swift; name = ForecastAPiModel.swift; path = ThefirstForecast/Model/ForecastAPiModel.swift; sourceTree = SOURCE_ROOT; };
		F87859D12B72064A00D8E0B0 /* WeeklyDataModel.swift */ = {isa = PBXFileReference; lastKnownFileType = sourcecode.swift; path = WeeklyDataModel.swift; sourceTree = "<group>"; };
		F87859D32B723C9C00D8E0B0 /* WeeklyForecastAPIManger.swift */ = {isa = PBXFileReference; lastKnownFileType = sourcecode.swift; path = WeeklyForecastAPIManger.swift; sourceTree = "<group>"; };
		F87859D52B724C2600D8E0B0 /* APIURL.swift */ = {isa = PBXFileReference; lastKnownFileType = sourcecode.swift; path = APIURL.swift; sourceTree = "<group>"; };
		F88C53442B70C8B0000624A2 /* ThefirstForecast.app */ = {isa = PBXFileReference; explicitFileType = wrapper.application; includeInIndex = 0; path = ThefirstForecast.app; sourceTree = BUILT_PRODUCTS_DIR; };
		F88C53472B70C8B0000624A2 /* AppDelegate.swift */ = {isa = PBXFileReference; lastKnownFileType = sourcecode.swift; path = AppDelegate.swift; sourceTree = "<group>"; };
		F88C53492B70C8B0000624A2 /* SceneDelegate.swift */ = {isa = PBXFileReference; lastKnownFileType = sourcecode.swift; path = SceneDelegate.swift; sourceTree = "<group>"; };
		F88C534B2B70C8B0000624A2 /* TabBarController.swift */ = {isa = PBXFileReference; lastKnownFileType = sourcecode.swift; path = TabBarController.swift; sourceTree = "<group>"; };
		F88C53512B70C8B0000624A2 /* ThefirstForecast.xcdatamodel */ = {isa = PBXFileReference; lastKnownFileType = wrapper.xcdatamodel; path = ThefirstForecast.xcdatamodel; sourceTree = "<group>"; };
		F88C53532B70C8B1000624A2 /* Assets.xcassets */ = {isa = PBXFileReference; lastKnownFileType = folder.assetcatalog; path = Assets.xcassets; sourceTree = "<group>"; };
		F88C53562B70C8B1000624A2 /* Base */ = {isa = PBXFileReference; lastKnownFileType = file.storyboard; name = Base; path = Base.lproj/LaunchScreen.storyboard; sourceTree = "<group>"; };
		F88C53582B70C8B1000624A2 /* Info.plist */ = {isa = PBXFileReference; lastKnownFileType = text.plist.xml; path = Info.plist; sourceTree = "<group>"; };
		F88C535E2B70C9CB000624A2 /* MainVC.swift */ = {isa = PBXFileReference; lastKnownFileType = sourcecode.swift; path = MainVC.swift; sourceTree = "<group>"; };
		F88C53602B70C9E4000624A2 /* WeeklyForecastVC.swift */ = {isa = PBXFileReference; lastKnownFileType = sourcecode.swift; path = WeeklyForecastVC.swift; sourceTree = "<group>"; };
		F88C53622B70C9FF000624A2 /* ForecastInfoVC.swift */ = {isa = PBXFileReference; lastKnownFileType = sourcecode.swift; path = ForecastInfoVC.swift; sourceTree = "<group>"; };
		F88C536B2B70D006000624A2 /* ForecastAPIManger.swift */ = {isa = PBXFileReference; lastKnownFileType = sourcecode.swift; path = ForecastAPIManger.swift; sourceTree = "<group>"; };
		F8A975162B7C4B0E00EC7505 /* APIKey.xcconfig */ = {isa = PBXFileReference; fileEncoding = 4; lastKnownFileType = text.xcconfig; path = APIKey.xcconfig; sourceTree = "<group>"; };
/* End PBXFileReference section */

/* Begin PBXFrameworksBuildPhase section */
		F88C53412B70C8B0000624A2 /* Frameworks */ = {
			isa = PBXFrameworksBuildPhase;
			buildActionMask = 2147483647;
			files = (
			);
			runOnlyForDeploymentPostprocessing = 0;
		};
/* End PBXFrameworksBuildPhase section */

/* Begin PBXGroup section */
		F8235D062B7B541B00E49073 /* Extension */ = {
			isa = PBXGroup;
			children = (
				F8235D072B7B542B00E49073 /* UIImageView+Extension.swift */,
			);
			path = Extension;
			sourceTree = "<group>";
		};
		F85006272B73AAF3007AB351 /* CoreData */ = {
			isa = PBXGroup;
			children = (
				F88C53502B70C8B0000624A2 /* ThefirstForecast.xcdatamodeld */,
				F85006282B73ABE3007AB351 /* CoreDataManager.swift */,
			);
			path = CoreData;
			sourceTree = "<group>";
		};
		F87859CE2B71DF3B00D8E0B0 /* Model */ = {
			isa = PBXGroup;
			children = (
				F87859CF2B71DF6100D8E0B0 /* ForecastAPiModel.swift */,
				F87859D12B72064A00D8E0B0 /* WeeklyDataModel.swift */,
				F87859D52B724C2600D8E0B0 /* APIURL.swift */,
				F8235D022B7B2D7100E49073 /* CurrentCoordinateModel.swift */,
			);
			path = Model;
			sourceTree = "<group>";
		};
		F88C533B2B70C8B0000624A2 = {
			isa = PBXGroup;
			children = (
				F8A975162B7C4B0E00EC7505 /* APIKey.xcconfig */,
				F88C53462B70C8B0000624A2 /* ThefirstForecast */,
				F88C53452B70C8B0000624A2 /* Products */,
			);
			sourceTree = "<group>";
		};
		F88C53452B70C8B0000624A2 /* Products */ = {
			isa = PBXGroup;
			children = (
				F88C53442B70C8B0000624A2 /* ThefirstForecast.app */,
			);
			name = Products;
			sourceTree = "<group>";
		};
		F88C53462B70C8B0000624A2 /* ThefirstForecast */ = {
			isa = PBXGroup;
			children = (
				F88C534B2B70C8B0000624A2 /* TabBarController.swift */,
				F8235D062B7B541B00E49073 /* Extension */,
				F85006272B73AAF3007AB351 /* CoreData */,
				F87859CE2B71DF3B00D8E0B0 /* Model */,
				F88C536A2B70CFF9000624A2 /* APIService */,
				F88C53532B70C8B1000624A2 /* Assets.xcassets */,
				F88C53552B70C8B1000624A2 /* LaunchScreen.storyboard */,
				F88C53582B70C8B1000624A2 /* Info.plist */,
				F88C53652B70CC06000624A2 /* WeeklyForecast */,
				F88C53642B70CBFE000624A2 /* Main */,
				F88C53662B70CC16000624A2 /* ForecastInfo */,
				F88C53672B70CC2C000624A2 /* App */,
			);
			path = ThefirstForecast;
			sourceTree = "<group>";
		};
		F88C53642B70CBFE000624A2 /* Main */ = {
			isa = PBXGroup;
			children = (
				F88C535E2B70C9CB000624A2 /* MainVC.swift */,
				7F64B0362B73975100309C5E /* SearchControllerVC.swift */,
				F8205F2F2B7C57CD00BA039D /* CollectionViewCell.swift */,
			);
			path = Main;
			sourceTree = "<group>";
		};
		F88C53652B70CC06000624A2 /* WeeklyForecast */ = {
			isa = PBXGroup;
			children = (
				F88C53602B70C9E4000624A2 /* WeeklyForecastVC.swift */,
				F850062A2B73ACAE007AB351 /* WeeklyForecastModel.swift */,
				F850062C2B73ACCC007AB351 /* WeeklyForecastTableViewCell.swift */,
			);
			path = WeeklyForecast;
			sourceTree = "<group>";
		};
		F88C53662B70CC16000624A2 /* ForecastInfo */ = {
			isa = PBXGroup;
			children = (
				F88C53622B70C9FF000624A2 /* ForecastInfoVC.swift */,
				3F1633492B70D43500603161 /* DailyWeatherCollectionViewCell.swift */,
			);
			path = ForecastInfo;
			sourceTree = "<group>";
		};
		F88C53672B70CC2C000624A2 /* App */ = {
			isa = PBXGroup;
			children = (
				F88C53472B70C8B0000624A2 /* AppDelegate.swift */,
				F88C53492B70C8B0000624A2 /* SceneDelegate.swift */,
			);
			path = App;
			sourceTree = "<group>";
		};
		F88C536A2B70CFF9000624A2 /* APIService */ = {
			isa = PBXGroup;
			children = (
				F87859D32B723C9C00D8E0B0 /* WeeklyForecastAPIManger.swift */,
				F88C536B2B70D006000624A2 /* ForecastAPIManger.swift */,
			);
			path = APIService;
			sourceTree = "<group>";
		};
/* End PBXGroup section */

/* Begin PBXNativeTarget section */
		F88C53432B70C8B0000624A2 /* ThefirstForecast */ = {
			isa = PBXNativeTarget;
			buildConfigurationList = F88C535B2B70C8B1000624A2 /* Build configuration list for PBXNativeTarget "ThefirstForecast" */;
			buildPhases = (
				F88C53402B70C8B0000624A2 /* Sources */,
				F88C53412B70C8B0000624A2 /* Frameworks */,
				F88C53422B70C8B0000624A2 /* Resources */,
			);
			buildRules = (
			);
			dependencies = (
			);
			name = ThefirstForecast;
			productName = ThefirstForecast;
			productReference = F88C53442B70C8B0000624A2 /* ThefirstForecast.app */;
			productType = "com.apple.product-type.application";
		};
/* End PBXNativeTarget section */

/* Begin PBXProject section */
		F88C533C2B70C8B0000624A2 /* Project object */ = {
			isa = PBXProject;
			attributes = {
				BuildIndependentTargetsInParallel = 1;
				LastSwiftUpdateCheck = 1520;
				LastUpgradeCheck = 1520;
				TargetAttributes = {
					F88C53432B70C8B0000624A2 = {
						CreatedOnToolsVersion = 15.2;
					};
				};
			};
			buildConfigurationList = F88C533F2B70C8B0000624A2 /* Build configuration list for PBXProject "ThefirstForecast" */;
			compatibilityVersion = "Xcode 14.0";
			developmentRegion = en;
			hasScannedForEncodings = 0;
			knownRegions = (
				en,
				Base,
			);
			mainGroup = F88C533B2B70C8B0000624A2;
			productRefGroup = F88C53452B70C8B0000624A2 /* Products */;
			projectDirPath = "";
			projectRoot = "";
			targets = (
				F88C53432B70C8B0000624A2 /* ThefirstForecast */,
			);
		};
/* End PBXProject section */

/* Begin PBXResourcesBuildPhase section */
		F88C53422B70C8B0000624A2 /* Resources */ = {
			isa = PBXResourcesBuildPhase;
			buildActionMask = 2147483647;
			files = (
				F88C53572B70C8B1000624A2 /* LaunchScreen.storyboard in Resources */,
				F8A975172B7C4B0E00EC7505 /* APIKey.xcconfig in Resources */,
				F88C53542B70C8B1000624A2 /* Assets.xcassets in Resources */,
			);
			runOnlyForDeploymentPostprocessing = 0;
		};
/* End PBXResourcesBuildPhase section */

/* Begin PBXSourcesBuildPhase section */
		F88C53402B70C8B0000624A2 /* Sources */ = {
			isa = PBXSourcesBuildPhase;
			buildActionMask = 2147483647;
			files = (
				3F16334A2B70D43500603161 /* DailyWeatherCollectionViewCell.swift in Sources */,
				F850062B2B73ACAE007AB351 /* WeeklyForecastModel.swift in Sources */,
				F87859D42B723C9C00D8E0B0 /* WeeklyForecastAPIManger.swift in Sources */,
				F8235D032B7B2D7100E49073 /* CurrentCoordinateModel.swift in Sources */,
				F88C53612B70C9E4000624A2 /* WeeklyForecastVC.swift in Sources */,
				F88C534C2B70C8B0000624A2 /* TabBarController.swift in Sources */,
				F850062D2B73ACCC007AB351 /* WeeklyForecastTableViewCell.swift in Sources */,
				F88C535F2B70C9CB000624A2 /* MainVC.swift in Sources */,
				F87859D62B724C2600D8E0B0 /* APIURL.swift in Sources */,
				F88C53632B70C9FF000624A2 /* ForecastInfoVC.swift in Sources */,
				F8205F302B7C57CD00BA039D /* CollectionViewCell.swift in Sources */,
				F88C53522B70C8B0000624A2 /* ThefirstForecast.xcdatamodeld in Sources */,
				7F64B0372B73975100309C5E /* SearchControllerVC.swift in Sources */,
				F88C53482B70C8B0000624A2 /* AppDelegate.swift in Sources */,
				F88C536C2B70D006000624A2 /* ForecastAPIManger.swift in Sources */,
				F87859D02B71DF6100D8E0B0 /* ForecastAPiModel.swift in Sources */,
				F88C534A2B70C8B0000624A2 /* SceneDelegate.swift in Sources */,
				F8235D082B7B542B00E49073 /* UIImageView+Extension.swift in Sources */,
				F85006292B73ABE3007AB351 /* CoreDataManager.swift in Sources */,
				F87859D22B72064A00D8E0B0 /* WeeklyDataModel.swift in Sources */,
			);
			runOnlyForDeploymentPostprocessing = 0;
		};
/* End PBXSourcesBuildPhase section */

/* Begin PBXVariantGroup section */
		F88C53552B70C8B1000624A2 /* LaunchScreen.storyboard */ = {
			isa = PBXVariantGroup;
			children = (
				F88C53562B70C8B1000624A2 /* Base */,
			);
			name = LaunchScreen.storyboard;
			sourceTree = "<group>";
		};
/* End PBXVariantGroup section */

/* Begin XCBuildConfiguration section */
		F88C53592B70C8B1000624A2 /* Debug */ = {
			isa = XCBuildConfiguration;
			baseConfigurationReference = F8A975162B7C4B0E00EC7505 /* APIKey.xcconfig */;
			buildSettings = {
				ALWAYS_SEARCH_USER_PATHS = NO;
				ASSETCATALOG_COMPILER_GENERATE_SWIFT_ASSET_SYMBOL_EXTENSIONS = YES;
				CLANG_ANALYZER_NONNULL = YES;
				CLANG_ANALYZER_NUMBER_OBJECT_CONVERSION = YES_AGGRESSIVE;
				CLANG_CXX_LANGUAGE_STANDARD = "gnu++20";
				CLANG_ENABLE_MODULES = YES;
				CLANG_ENABLE_OBJC_ARC = YES;
				CLANG_ENABLE_OBJC_WEAK = YES;
				CLANG_WARN_BLOCK_CAPTURE_AUTORELEASING = YES;
				CLANG_WARN_BOOL_CONVERSION = YES;
				CLANG_WARN_COMMA = YES;
				CLANG_WARN_CONSTANT_CONVERSION = YES;
				CLANG_WARN_DEPRECATED_OBJC_IMPLEMENTATIONS = YES;
				CLANG_WARN_DIRECT_OBJC_ISA_USAGE = YES_ERROR;
				CLANG_WARN_DOCUMENTATION_COMMENTS = YES;
				CLANG_WARN_EMPTY_BODY = YES;
				CLANG_WARN_ENUM_CONVERSION = YES;
				CLANG_WARN_INFINITE_RECURSION = YES;
				CLANG_WARN_INT_CONVERSION = YES;
				CLANG_WARN_NON_LITERAL_NULL_CONVERSION = YES;
				CLANG_WARN_OBJC_IMPLICIT_RETAIN_SELF = YES;
				CLANG_WARN_OBJC_LITERAL_CONVERSION = YES;
				CLANG_WARN_OBJC_ROOT_CLASS = YES_ERROR;
				CLANG_WARN_QUOTED_INCLUDE_IN_FRAMEWORK_HEADER = YES;
				CLANG_WARN_RANGE_LOOP_ANALYSIS = YES;
				CLANG_WARN_STRICT_PROTOTYPES = YES;
				CLANG_WARN_SUSPICIOUS_MOVE = YES;
				CLANG_WARN_UNGUARDED_AVAILABILITY = YES_AGGRESSIVE;
				CLANG_WARN_UNREACHABLE_CODE = YES;
				CLANG_WARN__DUPLICATE_METHOD_MATCH = YES;
				COPY_PHASE_STRIP = NO;
				DEBUG_INFORMATION_FORMAT = dwarf;
				ENABLE_STRICT_OBJC_MSGSEND = YES;
				ENABLE_TESTABILITY = YES;
				ENABLE_USER_SCRIPT_SANDBOXING = YES;
				GCC_C_LANGUAGE_STANDARD = gnu17;
				GCC_DYNAMIC_NO_PIC = NO;
				GCC_NO_COMMON_BLOCKS = YES;
				GCC_OPTIMIZATION_LEVEL = 0;
				GCC_PREPROCESSOR_DEFINITIONS = (
					"DEBUG=1",
					"$(inherited)",
				);
				GCC_WARN_64_TO_32_BIT_CONVERSION = YES;
				GCC_WARN_ABOUT_RETURN_TYPE = YES_ERROR;
				GCC_WARN_UNDECLARED_SELECTOR = YES;
				GCC_WARN_UNINITIALIZED_AUTOS = YES_AGGRESSIVE;
				GCC_WARN_UNUSED_FUNCTION = YES;
				GCC_WARN_UNUSED_VARIABLE = YES;
				IPHONEOS_DEPLOYMENT_TARGET = 17.2;
				LOCALIZATION_PREFERS_STRING_CATALOGS = YES;
				MTL_ENABLE_DEBUG_INFO = INCLUDE_SOURCE;
				MTL_FAST_MATH = YES;
				ONLY_ACTIVE_ARCH = YES;
				SDKROOT = iphoneos;
				SWIFT_ACTIVE_COMPILATION_CONDITIONS = "DEBUG $(inherited)";
				SWIFT_OPTIMIZATION_LEVEL = "-Onone";
			};
			name = Debug;
		};
		F88C535A2B70C8B1000624A2 /* Release */ = {
			isa = XCBuildConfiguration;
			baseConfigurationReference = F8A975162B7C4B0E00EC7505 /* APIKey.xcconfig */;
			buildSettings = {
				ALWAYS_SEARCH_USER_PATHS = NO;
				ASSETCATALOG_COMPILER_GENERATE_SWIFT_ASSET_SYMBOL_EXTENSIONS = YES;
				CLANG_ANALYZER_NONNULL = YES;
				CLANG_ANALYZER_NUMBER_OBJECT_CONVERSION = YES_AGGRESSIVE;
				CLANG_CXX_LANGUAGE_STANDARD = "gnu++20";
				CLANG_ENABLE_MODULES = YES;
				CLANG_ENABLE_OBJC_ARC = YES;
				CLANG_ENABLE_OBJC_WEAK = YES;
				CLANG_WARN_BLOCK_CAPTURE_AUTORELEASING = YES;
				CLANG_WARN_BOOL_CONVERSION = YES;
				CLANG_WARN_COMMA = YES;
				CLANG_WARN_CONSTANT_CONVERSION = YES;
				CLANG_WARN_DEPRECATED_OBJC_IMPLEMENTATIONS = YES;
				CLANG_WARN_DIRECT_OBJC_ISA_USAGE = YES_ERROR;
				CLANG_WARN_DOCUMENTATION_COMMENTS = YES;
				CLANG_WARN_EMPTY_BODY = YES;
				CLANG_WARN_ENUM_CONVERSION = YES;
				CLANG_WARN_INFINITE_RECURSION = YES;
				CLANG_WARN_INT_CONVERSION = YES;
				CLANG_WARN_NON_LITERAL_NULL_CONVERSION = YES;
				CLANG_WARN_OBJC_IMPLICIT_RETAIN_SELF = YES;
				CLANG_WARN_OBJC_LITERAL_CONVERSION = YES;
				CLANG_WARN_OBJC_ROOT_CLASS = YES_ERROR;
				CLANG_WARN_QUOTED_INCLUDE_IN_FRAMEWORK_HEADER = YES;
				CLANG_WARN_RANGE_LOOP_ANALYSIS = YES;
				CLANG_WARN_STRICT_PROTOTYPES = YES;
				CLANG_WARN_SUSPICIOUS_MOVE = YES;
				CLANG_WARN_UNGUARDED_AVAILABILITY = YES_AGGRESSIVE;
				CLANG_WARN_UNREACHABLE_CODE = YES;
				CLANG_WARN__DUPLICATE_METHOD_MATCH = YES;
				COPY_PHASE_STRIP = NO;
				DEBUG_INFORMATION_FORMAT = "dwarf-with-dsym";
				ENABLE_NS_ASSERTIONS = NO;
				ENABLE_STRICT_OBJC_MSGSEND = YES;
				ENABLE_USER_SCRIPT_SANDBOXING = YES;
				GCC_C_LANGUAGE_STANDARD = gnu17;
				GCC_NO_COMMON_BLOCKS = YES;
				GCC_WARN_64_TO_32_BIT_CONVERSION = YES;
				GCC_WARN_ABOUT_RETURN_TYPE = YES_ERROR;
				GCC_WARN_UNDECLARED_SELECTOR = YES;
				GCC_WARN_UNINITIALIZED_AUTOS = YES_AGGRESSIVE;
				GCC_WARN_UNUSED_FUNCTION = YES;
				GCC_WARN_UNUSED_VARIABLE = YES;
				IPHONEOS_DEPLOYMENT_TARGET = 17.2;
				LOCALIZATION_PREFERS_STRING_CATALOGS = YES;
				MTL_ENABLE_DEBUG_INFO = NO;
				MTL_FAST_MATH = YES;
				SDKROOT = iphoneos;
				SWIFT_COMPILATION_MODE = wholemodule;
				VALIDATE_PRODUCT = YES;
			};
			name = Release;
		};
		F88C535C2B70C8B1000624A2 /* Debug */ = {
			isa = XCBuildConfiguration;
			buildSettings = {
				ASSETCATALOG_COMPILER_APPICON_NAME = AppIcon;
				ASSETCATALOG_COMPILER_GLOBAL_ACCENT_COLOR_NAME = AccentColor;
				CODE_SIGN_STYLE = Automatic;
				CURRENT_PROJECT_VERSION = 1;
				DEVELOPMENT_TEAM = 4G47XHXXQX;
				GENERATE_INFOPLIST_FILE = YES;
				INFOPLIST_FILE = ThefirstForecast/Info.plist;
				INFOPLIST_KEY_UIApplicationSupportsIndirectInputEvents = YES;
				INFOPLIST_KEY_UILaunchStoryboardName = LaunchScreen;
				INFOPLIST_KEY_UISupportedInterfaceOrientations_iPad = "UIInterfaceOrientationPortrait UIInterfaceOrientationPortraitUpsideDown UIInterfaceOrientationLandscapeLeft UIInterfaceOrientationLandscapeRight";
				INFOPLIST_KEY_UISupportedInterfaceOrientations_iPhone = "UIInterfaceOrientationPortrait UIInterfaceOrientationLandscapeLeft UIInterfaceOrientationLandscapeRight";
				IPHONEOS_DEPLOYMENT_TARGET = 15.0;
				LD_RUNPATH_SEARCH_PATHS = (
					"$(inherited)",
					"@executable_path/Frameworks",
				);
				MARKETING_VERSION = 1.0;
				PRODUCT_BUNDLE_IDENTIFIER = com.1Team.ThefirstForecast;
				PRODUCT_NAME = "$(TARGET_NAME)";
				SWIFT_EMIT_LOC_STRINGS = YES;
				SWIFT_VERSION = 5.0;
				TARGETED_DEVICE_FAMILY = "1,2";
			};
			name = Debug;
		};
		F88C535D2B70C8B1000624A2 /* Release */ = {
			isa = XCBuildConfiguration;
			buildSettings = {
				ASSETCATALOG_COMPILER_APPICON_NAME = AppIcon;
				ASSETCATALOG_COMPILER_GLOBAL_ACCENT_COLOR_NAME = AccentColor;
				CODE_SIGN_STYLE = Automatic;
				CURRENT_PROJECT_VERSION = 1;
				DEVELOPMENT_TEAM = 4G47XHXXQX;
				GENERATE_INFOPLIST_FILE = YES;
				INFOPLIST_FILE = ThefirstForecast/Info.plist;
				INFOPLIST_KEY_UIApplicationSupportsIndirectInputEvents = YES;
				INFOPLIST_KEY_UILaunchStoryboardName = LaunchScreen;
				INFOPLIST_KEY_UISupportedInterfaceOrientations_iPad = "UIInterfaceOrientationPortrait UIInterfaceOrientationPortraitUpsideDown UIInterfaceOrientationLandscapeLeft UIInterfaceOrientationLandscapeRight";
				INFOPLIST_KEY_UISupportedInterfaceOrientations_iPhone = "UIInterfaceOrientationPortrait UIInterfaceOrientationLandscapeLeft UIInterfaceOrientationLandscapeRight";
				IPHONEOS_DEPLOYMENT_TARGET = 15.0;
				LD_RUNPATH_SEARCH_PATHS = (
					"$(inherited)",
					"@executable_path/Frameworks",
				);
				MARKETING_VERSION = 1.0;
				PRODUCT_BUNDLE_IDENTIFIER = com.1Team.ThefirstForecast;
				PRODUCT_NAME = "$(TARGET_NAME)";
				SWIFT_EMIT_LOC_STRINGS = YES;
				SWIFT_VERSION = 5.0;
				TARGETED_DEVICE_FAMILY = "1,2";
			};
			name = Release;
		};
/* End XCBuildConfiguration section */

/* Begin XCConfigurationList section */
		F88C533F2B70C8B0000624A2 /* Build configuration list for PBXProject "ThefirstForecast" */ = {
			isa = XCConfigurationList;
			buildConfigurations = (
				F88C53592B70C8B1000624A2 /* Debug */,
				F88C535A2B70C8B1000624A2 /* Release */,
			);
			defaultConfigurationIsVisible = 0;
			defaultConfigurationName = Release;
		};
		F88C535B2B70C8B1000624A2 /* Build configuration list for PBXNativeTarget "ThefirstForecast" */ = {
			isa = XCConfigurationList;
			buildConfigurations = (
				F88C535C2B70C8B1000624A2 /* Debug */,
				F88C535D2B70C8B1000624A2 /* Release */,
			);
			defaultConfigurationIsVisible = 0;
			defaultConfigurationName = Release;
		};
/* End XCConfigurationList section */

/* Begin XCVersionGroup section */
		F88C53502B70C8B0000624A2 /* ThefirstForecast.xcdatamodeld */ = {
			isa = XCVersionGroup;
			children = (
				F88C53512B70C8B0000624A2 /* ThefirstForecast.xcdatamodel */,
			);
			currentVersion = F88C53512B70C8B0000624A2 /* ThefirstForecast.xcdatamodel */;
			path = ThefirstForecast.xcdatamodeld;
			sourceTree = "<group>";
			versionGroupType = wrapper.xcdatamodel;
		};
/* End XCVersionGroup section */
	};
	rootObject = F88C533C2B70C8B0000624A2 /* Project object */;
}
